// !$*UTF8*$!
{
	archiveVersion = 1;
	classes = {
	};
	objectVersion = 55;
	objects = {

/* Begin PBXBuildFile section */
		BA3B370F27EDE8EB00850CB4 /* InitialViewController.swift in Sources */ = {isa = PBXBuildFile; fileRef = BA3B370D27EDE8EB00850CB4 /* InitialViewController.swift */; };
		BA3B373327EDF9D600850CB4 /* SFProDisplay-Semibold.ttf in Resources */ = {isa = PBXBuildFile; fileRef = BA3B373027EDF9D500850CB4 /* SFProDisplay-Semibold.ttf */; };
		BA3B373427EDF9D600850CB4 /* SFProDisplay-Bold.ttf in Resources */ = {isa = PBXBuildFile; fileRef = BA3B373127EDF9D600850CB4 /* SFProDisplay-Bold.ttf */; };
		BA3B373527EDF9D600850CB4 /* SFProDisplay-Medium.ttf in Resources */ = {isa = PBXBuildFile; fileRef = BA3B373227EDF9D600850CB4 /* SFProDisplay-Medium.ttf */; };
		BA3B373827EDFFC000850CB4 /* LogInViewController.swift in Sources */ = {isa = PBXBuildFile; fileRef = BA3B373627EDFFC000850CB4 /* LogInViewController.swift */; };
		BA3B373927EDFFC000850CB4 /* LogInViewController.xib in Resources */ = {isa = PBXBuildFile; fileRef = BA3B373727EDFFC000850CB4 /* LogInViewController.xib */; };
		BA3B373B27EE04B600850CB4 /* model.swift in Sources */ = {isa = PBXBuildFile; fileRef = BA3B373A27EE04B600850CB4 /* model.swift */; };
		BA3B373E27EE59CF00850CB4 /* ResponseSchema.swift in Sources */ = {isa = PBXBuildFile; fileRef = BA3B373D27EE59CF00850CB4 /* ResponseSchema.swift */; };
		BA3B374027EE5F2800850CB4 /* Errors.swift in Sources */ = {isa = PBXBuildFile; fileRef = BA3B373F27EE5F2800850CB4 /* Errors.swift */; };
		BAE01A5E27EDD3B6001496E3 /* AppDelegate.swift in Sources */ = {isa = PBXBuildFile; fileRef = BAE01A5D27EDD3B6001496E3 /* AppDelegate.swift */; };
		BAE01A6027EDD3B6001496E3 /* SceneDelegate.swift in Sources */ = {isa = PBXBuildFile; fileRef = BAE01A5F27EDD3B6001496E3 /* SceneDelegate.swift */; };
		BAE01A6727EDD3B7001496E3 /* Assets.xcassets in Resources */ = {isa = PBXBuildFile; fileRef = BAE01A6627EDD3B7001496E3 /* Assets.xcassets */; };
		BAE01A6A27EDD3B7001496E3 /* LaunchScreen.storyboard in Resources */ = {isa = PBXBuildFile; fileRef = BAE01A6827EDD3B7001496E3 /* LaunchScreen.storyboard */; };
		BAED3E8827EE61DB00615DF8 /* InitialViewController.xib in Resources */ = {isa = PBXBuildFile; fileRef = BAED3E8727EE61DB00615DF8 /* InitialViewController.xib */; };
/* End PBXBuildFile section */

/* Begin PBXFileReference section */
		BA3B370D27EDE8EB00850CB4 /* InitialViewController.swift */ = {isa = PBXFileReference; lastKnownFileType = sourcecode.swift; path = InitialViewController.swift; sourceTree = "<group>"; };
		BA3B373027EDF9D500850CB4 /* SFProDisplay-Semibold.ttf */ = {isa = PBXFileReference; lastKnownFileType = file; path = "SFProDisplay-Semibold.ttf"; sourceTree = "<group>"; };
		BA3B373127EDF9D600850CB4 /* SFProDisplay-Bold.ttf */ = {isa = PBXFileReference; lastKnownFileType = file; path = "SFProDisplay-Bold.ttf"; sourceTree = "<group>"; };
		BA3B373227EDF9D600850CB4 /* SFProDisplay-Medium.ttf */ = {isa = PBXFileReference; lastKnownFileType = file; path = "SFProDisplay-Medium.ttf"; sourceTree = "<group>"; };
		BA3B373627EDFFC000850CB4 /* LogInViewController.swift */ = {isa = PBXFileReference; lastKnownFileType = sourcecode.swift; path = LogInViewController.swift; sourceTree = "<group>"; };
		BA3B373727EDFFC000850CB4 /* LogInViewController.xib */ = {isa = PBXFileReference; lastKnownFileType = file.xib; path = LogInViewController.xib; sourceTree = "<group>"; };
		BA3B373A27EE04B600850CB4 /* model.swift */ = {isa = PBXFileReference; lastKnownFileType = sourcecode.swift; path = model.swift; sourceTree = "<group>"; };
		BA3B373D27EE59CF00850CB4 /* ResponseSchema.swift */ = {isa = PBXFileReference; lastKnownFileType = sourcecode.swift; path = ResponseSchema.swift; sourceTree = "<group>"; };
		BA3B373F27EE5F2800850CB4 /* Errors.swift */ = {isa = PBXFileReference; lastKnownFileType = sourcecode.swift; path = Errors.swift; sourceTree = "<group>"; };
		BAE01A5A27EDD3B6001496E3 /* mobileUpTest.app */ = {isa = PBXFileReference; explicitFileType = wrapper.application; includeInIndex = 0; path = mobileUpTest.app; sourceTree = BUILT_PRODUCTS_DIR; };
		BAE01A5D27EDD3B6001496E3 /* AppDelegate.swift */ = {isa = PBXFileReference; lastKnownFileType = sourcecode.swift; path = AppDelegate.swift; sourceTree = "<group>"; };
		BAE01A5F27EDD3B6001496E3 /* SceneDelegate.swift */ = {isa = PBXFileReference; lastKnownFileType = sourcecode.swift; path = SceneDelegate.swift; sourceTree = "<group>"; };
		BAE01A6627EDD3B7001496E3 /* Assets.xcassets */ = {isa = PBXFileReference; lastKnownFileType = folder.assetcatalog; path = Assets.xcassets; sourceTree = "<group>"; };
		BAE01A6927EDD3B7001496E3 /* Base */ = {isa = PBXFileReference; lastKnownFileType = file.storyboard; name = Base; path = Base.lproj/LaunchScreen.storyboard; sourceTree = "<group>"; };
		BAE01A6B27EDD3B7001496E3 /* Info.plist */ = {isa = PBXFileReference; lastKnownFileType = text.plist.xml; path = Info.plist; sourceTree = "<group>"; };
		BAED3E8727EE61DB00615DF8 /* InitialViewController.xib */ = {isa = PBXFileReference; fileEncoding = 4; lastKnownFileType = file.xib; path = InitialViewController.xib; sourceTree = "<group>"; };
/* End PBXFileReference section */

/* Begin PBXFrameworksBuildPhase section */
		BAE01A5727EDD3B6001496E3 /* Frameworks */ = {
			isa = PBXFrameworksBuildPhase;
			buildActionMask = 2147483647;
			files = (
			);
			runOnlyForDeploymentPostprocessing = 0;
		};
/* End PBXFrameworksBuildPhase section */

/* Begin PBXGroup section */
		BA3B372927EDF04F00850CB4 /* fonts */ = {
			isa = PBXGroup;
			children = (
				BA3B373127EDF9D600850CB4 /* SFProDisplay-Bold.ttf */,
				BA3B373227EDF9D600850CB4 /* SFProDisplay-Medium.ttf */,
				BA3B373027EDF9D500850CB4 /* SFProDisplay-Semibold.ttf */,
			);
			path = fonts;
			sourceTree = "<group>";
		};
		BAE01A5127EDD3B6001496E3 = {
			isa = PBXGroup;
			children = (
				BAE01A5C27EDD3B6001496E3 /* mobileUpTest */,
				BAE01A5B27EDD3B6001496E3 /* Products */,
			);
			sourceTree = "<group>";
		};
		BAE01A5B27EDD3B6001496E3 /* Products */ = {
			isa = PBXGroup;
			children = (
				BAE01A5A27EDD3B6001496E3 /* mobileUpTest.app */,
			);
			name = Products;
			sourceTree = "<group>";
		};
		BAE01A5C27EDD3B6001496E3 /* mobileUpTest */ = {
			isa = PBXGroup;
			children = (
				BA3B372927EDF04F00850CB4 /* fonts */,
				BAE01A5D27EDD3B6001496E3 /* AppDelegate.swift */,
				BAE01A5F27EDD3B6001496E3 /* SceneDelegate.swift */,
				BA3B370D27EDE8EB00850CB4 /* InitialViewController.swift */,
				BAED3E8727EE61DB00615DF8 /* InitialViewController.xib */,
				BA3B373627EDFFC000850CB4 /* LogInViewController.swift */,
				BA3B373727EDFFC000850CB4 /* LogInViewController.xib */,
				BA3B373A27EE04B600850CB4 /* model.swift */,
				BA3B373F27EE5F2800850CB4 /* Errors.swift */,
				BA3B373D27EE59CF00850CB4 /* ResponseSchema.swift */,
				BAE01A6627EDD3B7001496E3 /* Assets.xcassets */,
				BAE01A6827EDD3B7001496E3 /* LaunchScreen.storyboard */,
				BAE01A6B27EDD3B7001496E3 /* Info.plist */,
			);
			path = mobileUpTest;
			sourceTree = "<group>";
		};
/* End PBXGroup section */

/* Begin PBXNativeTarget section */
		BAE01A5927EDD3B6001496E3 /* mobileUpTest */ = {
			isa = PBXNativeTarget;
			buildConfigurationList = BAE01A6E27EDD3B7001496E3 /* Build configuration list for PBXNativeTarget "mobileUpTest" */;
			buildPhases = (
				BAE01A5627EDD3B6001496E3 /* Sources */,
				BAE01A5727EDD3B6001496E3 /* Frameworks */,
				BAE01A5827EDD3B6001496E3 /* Resources */,
			);
			buildRules = (
			);
			dependencies = (
			);
			name = mobileUpTest;
			productName = mobileUpTest;
			productReference = BAE01A5A27EDD3B6001496E3 /* mobileUpTest.app */;
			productType = "com.apple.product-type.application";
		};
/* End PBXNativeTarget section */

/* Begin PBXProject section */
		BAE01A5227EDD3B6001496E3 /* Project object */ = {
			isa = PBXProject;
			attributes = {
				BuildIndependentTargetsInParallel = 1;
				LastSwiftUpdateCheck = 1320;
				LastUpgradeCheck = 1320;
				TargetAttributes = {
					BAE01A5927EDD3B6001496E3 = {
						CreatedOnToolsVersion = 13.2.1;
					};
				};
			};
			buildConfigurationList = BAE01A5527EDD3B6001496E3 /* Build configuration list for PBXProject "mobileUpTest" */;
			compatibilityVersion = "Xcode 13.0";
			developmentRegion = en;
			hasScannedForEncodings = 0;
			knownRegions = (
				en,
				Base,
			);
			mainGroup = BAE01A5127EDD3B6001496E3;
			productRefGroup = BAE01A5B27EDD3B6001496E3 /* Products */;
			projectDirPath = "";
			projectRoot = "";
			targets = (
				BAE01A5927EDD3B6001496E3 /* mobileUpTest */,
			);
		};
/* End PBXProject section */

/* Begin PBXResourcesBuildPhase section */
		BAE01A5827EDD3B6001496E3 /* Resources */ = {
			isa = PBXResourcesBuildPhase;
			buildActionMask = 2147483647;
			files = (
				BAE01A6A27EDD3B7001496E3 /* LaunchScreen.storyboard in Resources */,
				BA3B373327EDF9D600850CB4 /* SFProDisplay-Semibold.ttf in Resources */,
				BAED3E8827EE61DB00615DF8 /* InitialViewController.xib in Resources */,
				BA3B373427EDF9D600850CB4 /* SFProDisplay-Bold.ttf in Resources */,
				BAE01A6727EDD3B7001496E3 /* Assets.xcassets in Resources */,
				BA3B373527EDF9D600850CB4 /* SFProDisplay-Medium.ttf in Resources */,
				BA3B373927EDFFC000850CB4 /* LogInViewController.xib in Resources */,
			);
			runOnlyForDeploymentPostprocessing = 0;
		};
/* End PBXResourcesBuildPhase section */

/* Begin PBXSourcesBuildPhase section */
		BAE01A5627EDD3B6001496E3 /* Sources */ = {
			isa = PBXSourcesBuildPhase;
			buildActionMask = 2147483647;
			files = (
				BA3B373B27EE04B600850CB4 /* model.swift in Sources */,
				BA3B373E27EE59CF00850CB4 /* ResponseSchema.swift in Sources */,
				BAE01A5E27EDD3B6001496E3 /* AppDelegate.swift in Sources */,
				BAE01A6027EDD3B6001496E3 /* SceneDelegate.swift in Sources */,
				BA3B373827EDFFC000850CB4 /* LogInViewController.swift in Sources */,
				BA3B370F27EDE8EB00850CB4 /* InitialViewController.swift in Sources */,
				BA3B374027EE5F2800850CB4 /* Errors.swift in Sources */,
			);
			runOnlyForDeploymentPostprocessing = 0;
		};
/* End PBXSourcesBuildPhase section */

/* Begin PBXVariantGroup section */
		BAE01A6827EDD3B7001496E3 /* LaunchScreen.storyboard */ = {
			isa = PBXVariantGroup;
			children = (
				BAE01A6927EDD3B7001496E3 /* Base */,
			);
			name = LaunchScreen.storyboard;
			sourceTree = "<group>";
		};
/* End PBXVariantGroup section */

/* Begin XCBuildConfiguration section */
		BAE01A6C27EDD3B7001496E3 /* Debug */ = {
			isa = XCBuildConfiguration;
			buildSettings = {
				ALWAYS_SEARCH_USER_PATHS = NO;
				CLANG_ANALYZER_NONNULL = YES;
				CLANG_ANALYZER_NUMBER_OBJECT_CONVERSION = YES_AGGRESSIVE;
				CLANG_CXX_LANGUAGE_STANDARD = "gnu++17";
				CLANG_CXX_LIBRARY = "libc++";
				CLANG_ENABLE_MODULES = YES;
				CLANG_ENABLE_OBJC_ARC = YES;
				CLANG_ENABLE_OBJC_WEAK = YES;
				CLANG_WARN_BLOCK_CAPTURE_AUTORELEASING = YES;
				CLANG_WARN_BOOL_CONVERSION = YES;
				CLANG_WARN_COMMA = YES;
				CLANG_WARN_CONSTANT_CONVERSION = YES;
				CLANG_WARN_DEPRECATED_OBJC_IMPLEMENTATIONS = YES;
				CLANG_WARN_DIRECT_OBJC_ISA_USAGE = YES_ERROR;
				CLANG_WARN_DOCUMENTATION_COMMENTS = YES;
				CLANG_WARN_EMPTY_BODY = YES;
				CLANG_WARN_ENUM_CONVERSION = YES;
				CLANG_WARN_INFINITE_RECURSION = YES;
				CLANG_WARN_INT_CONVERSION = YES;
				CLANG_WARN_NON_LITERAL_NULL_CONVERSION = YES;
				CLANG_WARN_OBJC_IMPLICIT_RETAIN_SELF = YES;
				CLANG_WARN_OBJC_LITERAL_CONVERSION = YES;
				CLANG_WARN_OBJC_ROOT_CLASS = YES_ERROR;
				CLANG_WARN_QUOTED_INCLUDE_IN_FRAMEWORK_HEADER = YES;
				CLANG_WARN_RANGE_LOOP_ANALYSIS = YES;
				CLANG_WARN_STRICT_PROTOTYPES = YES;
				CLANG_WARN_SUSPICIOUS_MOVE = YES;
				CLANG_WARN_UNGUARDED_AVAILABILITY = YES_AGGRESSIVE;
				CLANG_WARN_UNREACHABLE_CODE = YES;
				CLANG_WARN__DUPLICATE_METHOD_MATCH = YES;
				COPY_PHASE_STRIP = NO;
				DEBUG_INFORMATION_FORMAT = dwarf;
				ENABLE_STRICT_OBJC_MSGSEND = YES;
				ENABLE_TESTABILITY = YES;
				GCC_C_LANGUAGE_STANDARD = gnu11;
				GCC_DYNAMIC_NO_PIC = NO;
				GCC_NO_COMMON_BLOCKS = YES;
				GCC_OPTIMIZATION_LEVEL = 0;
				GCC_PREPROCESSOR_DEFINITIONS = (
					"DEBUG=1",
					"$(inherited)",
				);
				GCC_WARN_64_TO_32_BIT_CONVERSION = YES;
				GCC_WARN_ABOUT_RETURN_TYPE = YES_ERROR;
				GCC_WARN_UNDECLARED_SELECTOR = YES;
				GCC_WARN_UNINITIALIZED_AUTOS = YES_AGGRESSIVE;
				GCC_WARN_UNUSED_FUNCTION = YES;
				GCC_WARN_UNUSED_VARIABLE = YES;
				IPHONEOS_DEPLOYMENT_TARGET = 15.2;
				MTL_ENABLE_DEBUG_INFO = INCLUDE_SOURCE;
				MTL_FAST_MATH = YES;
				ONLY_ACTIVE_ARCH = YES;
				SDKROOT = iphoneos;
				SWIFT_ACTIVE_COMPILATION_CONDITIONS = DEBUG;
				SWIFT_OPTIMIZATION_LEVEL = "-Onone";
			};
			name = Debug;
		};
		BAE01A6D27EDD3B7001496E3 /* Release */ = {
			isa = XCBuildConfiguration;
			buildSettings = {
				ALWAYS_SEARCH_USER_PATHS = NO;
				CLANG_ANALYZER_NONNULL = YES;
				CLANG_ANALYZER_NUMBER_OBJECT_CONVERSION = YES_AGGRESSIVE;
				CLANG_CXX_LANGUAGE_STANDARD = "gnu++17";
				CLANG_CXX_LIBRARY = "libc++";
				CLANG_ENABLE_MODULES = YES;
				CLANG_ENABLE_OBJC_ARC = YES;
				CLANG_ENABLE_OBJC_WEAK = YES;
				CLANG_WARN_BLOCK_CAPTURE_AUTORELEASING = YES;
				CLANG_WARN_BOOL_CONVERSION = YES;
				CLANG_WARN_COMMA = YES;
				CLANG_WARN_CONSTANT_CONVERSION = YES;
				CLANG_WARN_DEPRECATED_OBJC_IMPLEMENTATIONS = YES;
				CLANG_WARN_DIRECT_OBJC_ISA_USAGE = YES_ERROR;
				CLANG_WARN_DOCUMENTATION_COMMENTS = YES;
				CLANG_WARN_EMPTY_BODY = YES;
				CLANG_WARN_ENUM_CONVERSION = YES;
				CLANG_WARN_INFINITE_RECURSION = YES;
				CLANG_WARN_INT_CONVERSION = YES;
				CLANG_WARN_NON_LITERAL_NULL_CONVERSION = YES;
				CLANG_WARN_OBJC_IMPLICIT_RETAIN_SELF = YES;
				CLANG_WARN_OBJC_LITERAL_CONVERSION = YES;
				CLANG_WARN_OBJC_ROOT_CLASS = YES_ERROR;
				CLANG_WARN_QUOTED_INCLUDE_IN_FRAMEWORK_HEADER = YES;
				CLANG_WARN_RANGE_LOOP_ANALYSIS = YES;
				CLANG_WARN_STRICT_PROTOTYPES = YES;
				CLANG_WARN_SUSPICIOUS_MOVE = YES;
				CLANG_WARN_UNGUARDED_AVAILABILITY = YES_AGGRESSIVE;
				CLANG_WARN_UNREACHABLE_CODE = YES;
				CLANG_WARN__DUPLICATE_METHOD_MATCH = YES;
				COPY_PHASE_STRIP = NO;
				DEBUG_INFORMATION_FORMAT = "dwarf-with-dsym";
				ENABLE_NS_ASSERTIONS = NO;
				ENABLE_STRICT_OBJC_MSGSEND = YES;
				GCC_C_LANGUAGE_STANDARD = gnu11;
				GCC_NO_COMMON_BLOCKS = YES;
				GCC_WARN_64_TO_32_BIT_CONVERSION = YES;
				GCC_WARN_ABOUT_RETURN_TYPE = YES_ERROR;
				GCC_WARN_UNDECLARED_SELECTOR = YES;
				GCC_WARN_UNINITIALIZED_AUTOS = YES_AGGRESSIVE;
				GCC_WARN_UNUSED_FUNCTION = YES;
				GCC_WARN_UNUSED_VARIABLE = YES;
				IPHONEOS_DEPLOYMENT_TARGET = 15.2;
				MTL_ENABLE_DEBUG_INFO = NO;
				MTL_FAST_MATH = YES;
				SDKROOT = iphoneos;
				SWIFT_COMPILATION_MODE = wholemodule;
				SWIFT_OPTIMIZATION_LEVEL = "-O";
				VALIDATE_PRODUCT = YES;
			};
			name = Release;
		};
		BAE01A6F27EDD3B7001496E3 /* Debug */ = {
			isa = XCBuildConfiguration;
			buildSettings = {
				ASSETCATALOG_COMPILER_APPICON_NAME = AppIcon;
				ASSETCATALOG_COMPILER_GLOBAL_ACCENT_COLOR_NAME = AccentColor;
				CODE_SIGN_STYLE = Automatic;
				CURRENT_PROJECT_VERSION = 1;
				DEVELOPMENT_TEAM = J7MCG624CD;
				GENERATE_INFOPLIST_FILE = YES;
				INFOPLIST_FILE = mobileUpTest/Info.plist;
				INFOPLIST_KEY_UIApplicationSupportsIndirectInputEvents = YES;
				INFOPLIST_KEY_UILaunchStoryboardName = LaunchScreen;
				INFOPLIST_KEY_UISupportedInterfaceOrientations = UIInterfaceOrientationPortrait;
				INFOPLIST_KEY_UISupportedInterfaceOrientations_iPad = "UIInterfaceOrientationPortrait UIInterfaceOrientationPortraitUpsideDown UIInterfaceOrientationLandscapeLeft UIInterfaceOrientationLandscapeRight";
				INFOPLIST_KEY_UISupportedInterfaceOrientations_iPhone = "UIInterfaceOrientationPortrait UIInterfaceOrientationLandscapeLeft UIInterfaceOrientationLandscapeRight";
				IPHONEOS_DEPLOYMENT_TARGET = 13.0;
				LD_RUNPATH_SEARCH_PATHS = (
					"$(inherited)",
					"@executable_path/Frameworks",
				);
				MARKETING_VERSION = 1.0;
				PRODUCT_BUNDLE_IDENTIFIER = vitalii.mobileUpTest;
				PRODUCT_NAME = "$(TARGET_NAME)";
				SWIFT_EMIT_LOC_STRINGS = YES;
				SWIFT_VERSION = 5.0;
				TARGETED_DEVICE_FAMILY = 1;
			};
			name = Debug;
		};
		BAE01A7027EDD3B7001496E3 /* Release */ = {
			isa = XCBuildConfiguration;
			buildSettings = {
				ASSETCATALOG_COMPILER_APPICON_NAME = AppIcon;
				ASSETCATALOG_COMPILER_GLOBAL_ACCENT_COLOR_NAME = AccentColor;
				CODE_SIGN_STYLE = Automatic;
				CURRENT_PROJECT_VERSION = 1;
				DEVELOPMENT_TEAM = J7MCG624CD;
				GENERATE_INFOPLIST_FILE = YES;
				INFOPLIST_FILE = mobileUpTest/Info.plist;
				INFOPLIST_KEY_UIApplicationSupportsIndirectInputEvents = YES;
				INFOPLIST_KEY_UILaunchStoryboardName = LaunchScreen;
				INFOPLIST_KEY_UISupportedInterfaceOrientations = UIInterfaceOrientationPortrait;
				INFOPLIST_KEY_UISupportedInterfaceOrientations_iPad = "UIInterfaceOrientationPortrait UIInterfaceOrientationPortraitUpsideDown UIInterfaceOrientationLandscapeLeft UIInterfaceOrientationLandscapeRight";
				INFOPLIST_KEY_UISupportedInterfaceOrientations_iPhone = "UIInterfaceOrientationPortrait UIInterfaceOrientationLandscapeLeft UIInterfaceOrientationLandscapeRight";
				IPHONEOS_DEPLOYMENT_TARGET = 13.0;
				LD_RUNPATH_SEARCH_PATHS = (
					"$(inherited)",
					"@executable_path/Frameworks",
				);
				MARKETING_VERSION = 1.0;
				PRODUCT_BUNDLE_IDENTIFIER = vitalii.mobileUpTest;
				PRODUCT_NAME = "$(TARGET_NAME)";
				SWIFT_EMIT_LOC_STRINGS = YES;
				SWIFT_VERSION = 5.0;
				TARGETED_DEVICE_FAMILY = 1;
			};
			name = Release;
		};
/* End XCBuildConfiguration section */

/* Begin XCConfigurationList section */
		BAE01A5527EDD3B6001496E3 /* Build configuration list for PBXProject "mobileUpTest" */ = {
			isa = XCConfigurationList;
			buildConfigurations = (
				BAE01A6C27EDD3B7001496E3 /* Debug */,
				BAE01A6D27EDD3B7001496E3 /* Release */,
			);
			defaultConfigurationIsVisible = 0;
			defaultConfigurationName = Release;
		};
		BAE01A6E27EDD3B7001496E3 /* Build configuration list for PBXNativeTarget "mobileUpTest" */ = {
			isa = XCConfigurationList;
			buildConfigurations = (
				BAE01A6F27EDD3B7001496E3 /* Debug */,
				BAE01A7027EDD3B7001496E3 /* Release */,
			);
			defaultConfigurationIsVisible = 0;
			defaultConfigurationName = Release;
		};
/* End XCConfigurationList section */
	};
	rootObject = BAE01A5227EDD3B6001496E3 /* Project object */;
}
