// !$*UTF8*$!
{
	archiveVersion = 1;
	classes = {
	};
	objectVersion = 55;
	objects = {

/* Begin PBXBuildFile section */
		9F2927CC630AAFBE82F390D2 /* Pods_mobileUpTest.framework in Frameworks */ = {isa = PBXBuildFile; fileRef = 42C24341B7B9556D401B0068 /* Pods_mobileUpTest.framework */; };
		BA00769927F05EE600945699 /* CollectionViewCell.swift in Sources */ = {isa = PBXBuildFile; fileRef = BA00769727F05EE600945699 /* CollectionViewCell.swift */; };
		BA00769A27F05EE600945699 /* CollectionViewCell.xib in Resources */ = {isa = PBXBuildFile; fileRef = BA00769827F05EE600945699 /* CollectionViewCell.xib */; };
		BA00769C27F061B800945699 /* ImageStoreSchema.swift in Sources */ = {isa = PBXBuildFile; fileRef = BA00769B27F061B800945699 /* ImageStoreSchema.swift */; };
		BA3B370F27EDE8EB00850CB4 /* InitialViewController.swift in Sources */ = {isa = PBXBuildFile; fileRef = BA3B370D27EDE8EB00850CB4 /* InitialViewController.swift */; };
		BA3B373327EDF9D600850CB4 /* SFProDisplay-Semibold.ttf in Resources */ = {isa = PBXBuildFile; fileRef = BA3B373027EDF9D500850CB4 /* SFProDisplay-Semibold.ttf */; };
		BA3B373427EDF9D600850CB4 /* SFProDisplay-Bold.ttf in Resources */ = {isa = PBXBuildFile; fileRef = BA3B373127EDF9D600850CB4 /* SFProDisplay-Bold.ttf */; };
		BA3B373527EDF9D600850CB4 /* SFProDisplay-Medium.ttf in Resources */ = {isa = PBXBuildFile; fileRef = BA3B373227EDF9D600850CB4 /* SFProDisplay-Medium.ttf */; };
		BA3B373827EDFFC000850CB4 /* LogInViewController.swift in Sources */ = {isa = PBXBuildFile; fileRef = BA3B373627EDFFC000850CB4 /* LogInViewController.swift */; };
		BA3B373927EDFFC000850CB4 /* LogInViewController.xib in Resources */ = {isa = PBXBuildFile; fileRef = BA3B373727EDFFC000850CB4 /* LogInViewController.xib */; };
		BA3B373B27EE04B600850CB4 /* Model.swift in Sources */ = {isa = PBXBuildFile; fileRef = BA3B373A27EE04B600850CB4 /* Model.swift */; };
		BA3B373E27EE59CF00850CB4 /* ResponseSchema.swift in Sources */ = {isa = PBXBuildFile; fileRef = BA3B373D27EE59CF00850CB4 /* ResponseSchema.swift */; };
		BA3B374027EE5F2800850CB4 /* Errors.swift in Sources */ = {isa = PBXBuildFile; fileRef = BA3B373F27EE5F2800850CB4 /* Errors.swift */; };
		BA425B1627EFAFD100EBC647 /* PhotoViewController.swift in Sources */ = {isa = PBXBuildFile; fileRef = BA425B1427EFAFD100EBC647 /* PhotoViewController.swift */; };
		BA425B1727EFAFD100EBC647 /* PhotoViewController.xib in Resources */ = {isa = PBXBuildFile; fileRef = BA425B1527EFAFD100EBC647 /* PhotoViewController.xib */; };
		BA5DFF1427EF158700CEEF9C /* ViewModel.swift in Sources */ = {isa = PBXBuildFile; fileRef = BA5DFF1327EF158700CEEF9C /* ViewModel.swift */; };
		BAE01A5E27EDD3B6001496E3 /* AppDelegate.swift in Sources */ = {isa = PBXBuildFile; fileRef = BAE01A5D27EDD3B6001496E3 /* AppDelegate.swift */; };
		BAE01A6027EDD3B6001496E3 /* SceneDelegate.swift in Sources */ = {isa = PBXBuildFile; fileRef = BAE01A5F27EDD3B6001496E3 /* SceneDelegate.swift */; };
		BAE01A6727EDD3B7001496E3 /* Assets.xcassets in Resources */ = {isa = PBXBuildFile; fileRef = BAE01A6627EDD3B7001496E3 /* Assets.xcassets */; };
		BAE01A6A27EDD3B7001496E3 /* LaunchScreen.storyboard in Resources */ = {isa = PBXBuildFile; fileRef = BAE01A6827EDD3B7001496E3 /* LaunchScreen.storyboard */; };
		BAED3E8827EE61DB00615DF8 /* InitialViewController.xib in Resources */ = {isa = PBXBuildFile; fileRef = BAED3E8727EE61DB00615DF8 /* InitialViewController.xib */; };
		BAED3E8B27EE695000615DF8 /* PhotoCollectionViewController.swift in Sources */ = {isa = PBXBuildFile; fileRef = BAED3E8927EE695000615DF8 /* PhotoCollectionViewController.swift */; };
		BAED3E8C27EE695000615DF8 /* PhotoCollectionViewController.xib in Resources */ = {isa = PBXBuildFile; fileRef = BAED3E8A27EE695000615DF8 /* PhotoCollectionViewController.xib */; };
		BAED3E9327EE6B6000615DF8 /* PhotoItemCollectionViewCell.swift in Sources */ = {isa = PBXBuildFile; fileRef = BAED3E9127EE6B6000615DF8 /* PhotoItemCollectionViewCell.swift */; };
		BAED3E9427EE6B6000615DF8 /* PhotoItemCollectionViewCell.xib in Resources */ = {isa = PBXBuildFile; fileRef = BAED3E9227EE6B6000615DF8 /* PhotoItemCollectionViewCell.xib */; };
/* End PBXBuildFile section */

/* Begin PBXFileReference section */
		42C24341B7B9556D401B0068 /* Pods_mobileUpTest.framework */ = {isa = PBXFileReference; explicitFileType = wrapper.framework; includeInIndex = 0; path = Pods_mobileUpTest.framework; sourceTree = BUILT_PRODUCTS_DIR; };
		4764384EFAF4A5C85A9BB089 /* Pods-mobileUpTest.debug.xcconfig */ = {isa = PBXFileReference; includeInIndex = 1; lastKnownFileType = text.xcconfig; name = "Pods-mobileUpTest.debug.xcconfig"; path = "Target Support Files/Pods-mobileUpTest/Pods-mobileUpTest.debug.xcconfig"; sourceTree = "<group>"; };
		BA00769727F05EE600945699 /* CollectionViewCell.swift */ = {isa = PBXFileReference; lastKnownFileType = sourcecode.swift; path = CollectionViewCell.swift; sourceTree = "<group>"; };
		BA00769827F05EE600945699 /* CollectionViewCell.xib */ = {isa = PBXFileReference; lastKnownFileType = file.xib; path = CollectionViewCell.xib; sourceTree = "<group>"; };
		BA00769B27F061B800945699 /* ImageStoreSchema.swift */ = {isa = PBXFileReference; lastKnownFileType = sourcecode.swift; path = ImageStoreSchema.swift; sourceTree = "<group>"; };
		BA3B370D27EDE8EB00850CB4 /* InitialViewController.swift */ = {isa = PBXFileReference; lastKnownFileType = sourcecode.swift; path = InitialViewController.swift; sourceTree = "<group>"; };
		BA3B373027EDF9D500850CB4 /* SFProDisplay-Semibold.ttf */ = {isa = PBXFileReference; lastKnownFileType = file; path = "SFProDisplay-Semibold.ttf"; sourceTree = "<group>"; };
		BA3B373127EDF9D600850CB4 /* SFProDisplay-Bold.ttf */ = {isa = PBXFileReference; lastKnownFileType = file; path = "SFProDisplay-Bold.ttf"; sourceTree = "<group>"; };
		BA3B373227EDF9D600850CB4 /* SFProDisplay-Medium.ttf */ = {isa = PBXFileReference; lastKnownFileType = file; path = "SFProDisplay-Medium.ttf"; sourceTree = "<group>"; };
		BA3B373627EDFFC000850CB4 /* LogInViewController.swift */ = {isa = PBXFileReference; lastKnownFileType = sourcecode.swift; path = LogInViewController.swift; sourceTree = "<group>"; };
		BA3B373727EDFFC000850CB4 /* LogInViewController.xib */ = {isa = PBXFileReference; lastKnownFileType = file.xib; path = LogInViewController.xib; sourceTree = "<group>"; };
		BA3B373A27EE04B600850CB4 /* Model.swift */ = {isa = PBXFileReference; lastKnownFileType = sourcecode.swift; path = Model.swift; sourceTree = "<group>"; };
		BA3B373D27EE59CF00850CB4 /* ResponseSchema.swift */ = {isa = PBXFileReference; lastKnownFileType = sourcecode.swift; path = ResponseSchema.swift; sourceTree = "<group>"; };
		BA3B373F27EE5F2800850CB4 /* Errors.swift */ = {isa = PBXFileReference; lastKnownFileType = sourcecode.swift; path = Errors.swift; sourceTree = "<group>"; };
		BA425B1427EFAFD100EBC647 /* PhotoViewController.swift */ = {isa = PBXFileReference; lastKnownFileType = sourcecode.swift; path = PhotoViewController.swift; sourceTree = "<group>"; };
		BA425B1527EFAFD100EBC647 /* PhotoViewController.xib */ = {isa = PBXFileReference; lastKnownFileType = file.xib; path = PhotoViewController.xib; sourceTree = "<group>"; };
		BA5DFF1327EF158700CEEF9C /* ViewModel.swift */ = {isa = PBXFileReference; lastKnownFileType = sourcecode.swift; path = ViewModel.swift; sourceTree = "<group>"; };
		BAE01A5A27EDD3B6001496E3 /* mobileUpTest.app */ = {isa = PBXFileReference; explicitFileType = wrapper.application; includeInIndex = 0; path = mobileUpTest.app; sourceTree = BUILT_PRODUCTS_DIR; };
		BAE01A5D27EDD3B6001496E3 /* AppDelegate.swift */ = {isa = PBXFileReference; lastKnownFileType = sourcecode.swift; path = AppDelegate.swift; sourceTree = "<group>"; };
		BAE01A5F27EDD3B6001496E3 /* SceneDelegate.swift */ = {isa = PBXFileReference; lastKnownFileType = sourcecode.swift; path = SceneDelegate.swift; sourceTree = "<group>"; };
		BAE01A6627EDD3B7001496E3 /* Assets.xcassets */ = {isa = PBXFileReference; lastKnownFileType = folder.assetcatalog; path = Assets.xcassets; sourceTree = "<group>"; };
		BAE01A6927EDD3B7001496E3 /* Base */ = {isa = PBXFileReference; lastKnownFileType = file.storyboard; name = Base; path = Base.lproj/LaunchScreen.storyboard; sourceTree = "<group>"; };
		BAE01A6B27EDD3B7001496E3 /* Info.plist */ = {isa = PBXFileReference; lastKnownFileType = text.plist.xml; path = Info.plist; sourceTree = "<group>"; };
		BAED3E8727EE61DB00615DF8 /* InitialViewController.xib */ = {isa = PBXFileReference; fileEncoding = 4; lastKnownFileType = file.xib; path = InitialViewController.xib; sourceTree = "<group>"; };
		BAED3E8927EE695000615DF8 /* PhotoCollectionViewController.swift */ = {isa = PBXFileReference; lastKnownFileType = sourcecode.swift; path = PhotoCollectionViewController.swift; sourceTree = "<group>"; };
		BAED3E8A27EE695000615DF8 /* PhotoCollectionViewController.xib */ = {isa = PBXFileReference; lastKnownFileType = file.xib; path = PhotoCollectionViewController.xib; sourceTree = "<group>"; };
		BAED3E9127EE6B6000615DF8 /* PhotoItemCollectionViewCell.swift */ = {isa = PBXFileReference; lastKnownFileType = sourcecode.swift; path = PhotoItemCollectionViewCell.swift; sourceTree = "<group>"; };
		BAED3E9227EE6B6000615DF8 /* PhotoItemCollectionViewCell.xib */ = {isa = PBXFileReference; lastKnownFileType = file.xib; path = PhotoItemCollectionViewCell.xib; sourceTree = "<group>"; };
		E2A61886D0D5FA69CF674528 /* Pods-mobileUpTest.release.xcconfig */ = {isa = PBXFileReference; includeInIndex = 1; lastKnownFileType = text.xcconfig; name = "Pods-mobileUpTest.release.xcconfig"; path = "Target Support Files/Pods-mobileUpTest/Pods-mobileUpTest.release.xcconfig"; sourceTree = "<group>"; };
/* End PBXFileReference section */

/* Begin PBXFrameworksBuildPhase section */
		BAE01A5727EDD3B6001496E3 /* Frameworks */ = {
			isa = PBXFrameworksBuildPhase;
			buildActionMask = 2147483647;
			files = (
				9F2927CC630AAFBE82F390D2 /* Pods_mobileUpTest.framework in Frameworks */,
			);
			runOnlyForDeploymentPostprocessing = 0;
		};
/* End PBXFrameworksBuildPhase section */

/* Begin PBXGroup section */
		398828DB2924F38833619B10 /* Frameworks */ = {
			isa = PBXGroup;
			children = (
				42C24341B7B9556D401B0068 /* Pods_mobileUpTest.framework */,
			);
			name = Frameworks;
			sourceTree = "<group>";
		};
		BA00769627F05ECA00945699 /* Cell */ = {
			isa = PBXGroup;
			children = (
				BA00769727F05EE600945699 /* CollectionViewCell.swift */,
				BA00769827F05EE600945699 /* CollectionViewCell.xib */,
			);
			path = Cell;
			sourceTree = "<group>";
		};
		BA3B372927EDF04F00850CB4 /* fonts */ = {
			isa = PBXGroup;
			children = (
				BA3B373127EDF9D600850CB4 /* SFProDisplay-Bold.ttf */,
				BA3B373227EDF9D600850CB4 /* SFProDisplay-Medium.ttf */,
				BA3B373027EDF9D500850CB4 /* SFProDisplay-Semibold.ttf */,
			);
			path = fonts;
			sourceTree = "<group>";
		};
		BA425B1327EFAF9300EBC647 /* PhotoViewController */ = {
			isa = PBXGroup;
			children = (
				BA00769627F05ECA00945699 /* Cell */,
				BA425B1427EFAFD100EBC647 /* PhotoViewController.swift */,
				BA425B1527EFAFD100EBC647 /* PhotoViewController.xib */,
			);
			path = PhotoViewController;
			sourceTree = "<group>";
		};
		BA5DFF1027EF113400CEEF9C /* View */ = {
			isa = PBXGroup;
			children = (
				BA425B1327EFAF9300EBC647 /* PhotoViewController */,
				BA3B370D27EDE8EB00850CB4 /* InitialViewController.swift */,
				BAED3E8727EE61DB00615DF8 /* InitialViewController.xib */,
				BA3B373627EDFFC000850CB4 /* LogInViewController.swift */,
				BA3B373727EDFFC000850CB4 /* LogInViewController.xib */,
				BAED3E8D27EE69EF00615DF8 /* PhotosCollectionVew */,
			);
			path = View;
			sourceTree = "<group>";
		};
		BA5DFF1127EF147900CEEF9C /* Model */ = {
			isa = PBXGroup;
			children = (
				BA3B373A27EE04B600850CB4 /* Model.swift */,
				BA3B373F27EE5F2800850CB4 /* Errors.swift */,
				BA3B373D27EE59CF00850CB4 /* ResponseSchema.swift */,
				BA00769B27F061B800945699 /* ImageStoreSchema.swift */,
			);
			path = Model;
			sourceTree = "<group>";
		};
		BA5DFF1227EF148500CEEF9C /* ViewModel */ = {
			isa = PBXGroup;
			children = (
				BA5DFF1327EF158700CEEF9C /* ViewModel.swift */,
			);
			path = ViewModel;
			sourceTree = "<group>";
		};
		BAE01A5127EDD3B6001496E3 = {
			isa = PBXGroup;
			children = (
				BAE01A5C27EDD3B6001496E3 /* mobileUpTest */,
				BAE01A5B27EDD3B6001496E3 /* Products */,
				D17D156183C13C0136309301 /* Pods */,
				398828DB2924F38833619B10 /* Frameworks */,
			);
			sourceTree = "<group>";
		};
		BAE01A5B27EDD3B6001496E3 /* Products */ = {
			isa = PBXGroup;
			children = (
				BAE01A5A27EDD3B6001496E3 /* mobileUpTest.app */,
			);
			name = Products;
			sourceTree = "<group>";
		};
		BAE01A5C27EDD3B6001496E3 /* mobileUpTest */ = {
			isa = PBXGroup;
			children = (
				BA3B372927EDF04F00850CB4 /* fonts */,
				BAE01A5D27EDD3B6001496E3 /* AppDelegate.swift */,
				BAE01A5F27EDD3B6001496E3 /* SceneDelegate.swift */,
				BA5DFF1227EF148500CEEF9C /* ViewModel */,
				BA5DFF1027EF113400CEEF9C /* View */,
				BA5DFF1127EF147900CEEF9C /* Model */,
				BAE01A6627EDD3B7001496E3 /* Assets.xcassets */,
				BAE01A6827EDD3B7001496E3 /* LaunchScreen.storyboard */,
				BAE01A6B27EDD3B7001496E3 /* Info.plist */,
			);
			path = mobileUpTest;
			sourceTree = "<group>";
		};
		BAED3E8D27EE69EF00615DF8 /* PhotosCollectionVew */ = {
			isa = PBXGroup;
			children = (
				BAED3E9027EE6B4700615DF8 /* Cell */,
				BAED3E8927EE695000615DF8 /* PhotoCollectionViewController.swift */,
				BAED3E8A27EE695000615DF8 /* PhotoCollectionViewController.xib */,
			);
			path = PhotosCollectionVew;
			sourceTree = "<group>";
		};
		BAED3E9027EE6B4700615DF8 /* Cell */ = {
			isa = PBXGroup;
			children = (
				BAED3E9127EE6B6000615DF8 /* PhotoItemCollectionViewCell.swift */,
				BAED3E9227EE6B6000615DF8 /* PhotoItemCollectionViewCell.xib */,
			);
			path = Cell;
			sourceTree = "<group>";
		};
		D17D156183C13C0136309301 /* Pods */ = {
			isa = PBXGroup;
			children = (
				4764384EFAF4A5C85A9BB089 /* Pods-mobileUpTest.debug.xcconfig */,
				E2A61886D0D5FA69CF674528 /* Pods-mobileUpTest.release.xcconfig */,
			);
			path = Pods;
			sourceTree = "<group>";
		};
/* End PBXGroup section */

/* Begin PBXNativeTarget section */
		BAE01A5927EDD3B6001496E3 /* mobileUpTest */ = {
			isa = PBXNativeTarget;
			buildConfigurationList = BAE01A6E27EDD3B7001496E3 /* Build configuration list for PBXNativeTarget "mobileUpTest" */;
			buildPhases = (
				64DCC29325B409BDBCB87402 /* [CP] Check Pods Manifest.lock */,
				BAE01A5627EDD3B6001496E3 /* Sources */,
				BAE01A5727EDD3B6001496E3 /* Frameworks */,
				BAE01A5827EDD3B6001496E3 /* Resources */,
				CB0043E1400874BCD3499406 /* [CP] Embed Pods Frameworks */,
			);
			buildRules = (
			);
			dependencies = (
			);
			name = mobileUpTest;
			productName = mobileUpTest;
			productReference = BAE01A5A27EDD3B6001496E3 /* mobileUpTest.app */;
			productType = "com.apple.product-type.application";
		};
/* End PBXNativeTarget section */

/* Begin PBXProject section */
		BAE01A5227EDD3B6001496E3 /* Project object */ = {
			isa = PBXProject;
			attributes = {
				BuildIndependentTargetsInParallel = 1;
				LastSwiftUpdateCheck = 1320;
				LastUpgradeCheck = 1320;
				TargetAttributes = {
					BAE01A5927EDD3B6001496E3 = {
						CreatedOnToolsVersion = 13.2.1;
					};
				};
			};
			buildConfigurationList = BAE01A5527EDD3B6001496E3 /* Build configuration list for PBXProject "mobileUpTest" */;
			compatibilityVersion = "Xcode 13.0";
			developmentRegion = en;
			hasScannedForEncodings = 0;
			knownRegions = (
				en,
				Base,
			);
			mainGroup = BAE01A5127EDD3B6001496E3;
			productRefGroup = BAE01A5B27EDD3B6001496E3 /* Products */;
			projectDirPath = "";
			projectRoot = "";
			targets = (
				BAE01A5927EDD3B6001496E3 /* mobileUpTest */,
			);
		};
/* End PBXProject section */

/* Begin PBXResourcesBuildPhase section */
		BAE01A5827EDD3B6001496E3 /* Resources */ = {
			isa = PBXResourcesBuildPhase;
			buildActionMask = 2147483647;
			files = (
				BAE01A6A27EDD3B7001496E3 /* LaunchScreen.storyboard in Resources */,
				BA425B1727EFAFD100EBC647 /* PhotoViewController.xib in Resources */,
				BA00769A27F05EE600945699 /* CollectionViewCell.xib in Resources */,
				BA3B373327EDF9D600850CB4 /* SFProDisplay-Semibold.ttf in Resources */,
				BAED3E8827EE61DB00615DF8 /* InitialViewController.xib in Resources */,
				BA3B373427EDF9D600850CB4 /* SFProDisplay-Bold.ttf in Resources */,
				BAE01A6727EDD3B7001496E3 /* Assets.xcassets in Resources */,
				BAED3E8C27EE695000615DF8 /* PhotoCollectionViewController.xib in Resources */,
				BA3B373527EDF9D600850CB4 /* SFProDisplay-Medium.ttf in Resources */,
				BA3B373927EDFFC000850CB4 /* LogInViewController.xib in Resources */,
				BAED3E9427EE6B6000615DF8 /* PhotoItemCollectionViewCell.xib in Resources */,
			);
			runOnlyForDeploymentPostprocessing = 0;
		};
/* End PBXResourcesBuildPhase section */

/* Begin PBXShellScriptBuildPhase section */
		64DCC29325B409BDBCB87402 /* [CP] Check Pods Manifest.lock */ = {
			isa = PBXShellScriptBuildPhase;
			buildActionMask = 2147483647;
			files = (
			);
			inputFileListPaths = (
			);
			inputPaths = (
				"${PODS_PODFILE_DIR_PATH}/Podfile.lock",
				"${PODS_ROOT}/Manifest.lock",
			);
			name = "[CP] Check Pods Manifest.lock";
			outputFileListPaths = (
			);
			outputPaths = (
				"$(DERIVED_FILE_DIR)/Pods-mobileUpTest-checkManifestLockResult.txt",
			);
			runOnlyForDeploymentPostprocessing = 0;
			shellPath = /bin/sh;
			shellScript = "diff \"${PODS_PODFILE_DIR_PATH}/Podfile.lock\" \"${PODS_ROOT}/Manifest.lock\" > /dev/null\nif [ $? != 0 ] ; then\n    # print error to STDERR\n    echo \"error: The sandbox is not in sync with the Podfile.lock. Run 'pod install' or update your CocoaPods installation.\" >&2\n    exit 1\nfi\n# This output is used by Xcode 'outputs' to avoid re-running this script phase.\necho \"SUCCESS\" > \"${SCRIPT_OUTPUT_FILE_0}\"\n";
			showEnvVarsInLog = 0;
		};
		CB0043E1400874BCD3499406 /* [CP] Embed Pods Frameworks */ = {
			isa = PBXShellScriptBuildPhase;
			buildActionMask = 2147483647;
			files = (
			);
			inputFileListPaths = (
				"${PODS_ROOT}/Target Support Files/Pods-mobileUpTest/Pods-mobileUpTest-frameworks-${CONFIGURATION}-input-files.xcfilelist",
			);
			name = "[CP] Embed Pods Frameworks";
			outputFileListPaths = (
				"${PODS_ROOT}/Target Support Files/Pods-mobileUpTest/Pods-mobileUpTest-frameworks-${CONFIGURATION}-output-files.xcfilelist",
			);
			runOnlyForDeploymentPostprocessing = 0;
			shellPath = /bin/sh;
			shellScript = "\"${PODS_ROOT}/Target Support Files/Pods-mobileUpTest/Pods-mobileUpTest-frameworks.sh\"\n";
			showEnvVarsInLog = 0;
		};
/* End PBXShellScriptBuildPhase section */

/* Begin PBXSourcesBuildPhase section */
		BAE01A5627EDD3B6001496E3 /* Sources */ = {
			isa = PBXSourcesBuildPhase;
			buildActionMask = 2147483647;
			files = (
				BA00769C27F061B800945699 /* ImageStoreSchema.swift in Sources */,
				BA5DFF1427EF158700CEEF9C /* ViewModel.swift in Sources */,
				BA3B373B27EE04B600850CB4 /* Model.swift in Sources */,
				BA00769927F05EE600945699 /* CollectionViewCell.swift in Sources */,
				BAED3E9327EE6B6000615DF8 /* PhotoItemCollectionViewCell.swift in Sources */,
				BA3B373E27EE59CF00850CB4 /* ResponseSchema.swift in Sources */,
				BAE01A5E27EDD3B6001496E3 /* AppDelegate.swift in Sources */,
				BAED3E8B27EE695000615DF8 /* PhotoCollectionViewController.swift in Sources */,
				BAE01A6027EDD3B6001496E3 /* SceneDelegate.swift in Sources */,
				BA3B373827EDFFC000850CB4 /* LogInViewController.swift in Sources */,
				BA3B370F27EDE8EB00850CB4 /* InitialViewController.swift in Sources */,
				BA3B374027EE5F2800850CB4 /* Errors.swift in Sources */,
				BA425B1627EFAFD100EBC647 /* PhotoViewController.swift in Sources */,
			);
			runOnlyForDeploymentPostprocessing = 0;
		};
/* End PBXSourcesBuildPhase section */

/* Begin PBXVariantGroup section */
		BAE01A6827EDD3B7001496E3 /* LaunchScreen.storyboard */ = {
			isa = PBXVariantGroup;
			children = (
				BAE01A6927EDD3B7001496E3 /* Base */,
			);
			name = LaunchScreen.storyboard;
			sourceTree = "<group>";
		};
/* End PBXVariantGroup section */

/* Begin XCBuildConfiguration section */
		BAE01A6C27EDD3B7001496E3 /* Debug */ = {
			isa = XCBuildConfiguration;
			buildSettings = {
				ALWAYS_SEARCH_USER_PATHS = NO;
				CLANG_ANALYZER_NONNULL = YES;
				CLANG_ANALYZER_NUMBER_OBJECT_CONVERSION = YES_AGGRESSIVE;
				CLANG_CXX_LANGUAGE_STANDARD = "gnu++17";
				CLANG_CXX_LIBRARY = "libc++";
				CLANG_ENABLE_MODULES = YES;
				CLANG_ENABLE_OBJC_ARC = YES;
				CLANG_ENABLE_OBJC_WEAK = YES;
				CLANG_WARN_BLOCK_CAPTURE_AUTORELEASING = YES;
				CLANG_WARN_BOOL_CONVERSION = YES;
				CLANG_WARN_COMMA = YES;
				CLANG_WARN_CONSTANT_CONVERSION = YES;
				CLANG_WARN_DEPRECATED_OBJC_IMPLEMENTATIONS = YES;
				CLANG_WARN_DIRECT_OBJC_ISA_USAGE = YES_ERROR;
				CLANG_WARN_DOCUMENTATION_COMMENTS = YES;
				CLANG_WARN_EMPTY_BODY = YES;
				CLANG_WARN_ENUM_CONVERSION = YES;
				CLANG_WARN_INFINITE_RECURSION = YES;
				CLANG_WARN_INT_CONVERSION = YES;
				CLANG_WARN_NON_LITERAL_NULL_CONVERSION = YES;
				CLANG_WARN_OBJC_IMPLICIT_RETAIN_SELF = YES;
				CLANG_WARN_OBJC_LITERAL_CONVERSION = YES;
				CLANG_WARN_OBJC_ROOT_CLASS = YES_ERROR;
				CLANG_WARN_QUOTED_INCLUDE_IN_FRAMEWORK_HEADER = YES;
				CLANG_WARN_RANGE_LOOP_ANALYSIS = YES;
				CLANG_WARN_STRICT_PROTOTYPES = YES;
				CLANG_WARN_SUSPICIOUS_MOVE = YES;
				CLANG_WARN_UNGUARDED_AVAILABILITY = YES_AGGRESSIVE;
				CLANG_WARN_UNREACHABLE_CODE = YES;
				CLANG_WARN__DUPLICATE_METHOD_MATCH = YES;
				COPY_PHASE_STRIP = NO;
				DEBUG_INFORMATION_FORMAT = dwarf;
				ENABLE_STRICT_OBJC_MSGSEND = YES;
				ENABLE_TESTABILITY = YES;
				GCC_C_LANGUAGE_STANDARD = gnu11;
				GCC_DYNAMIC_NO_PIC = NO;
				GCC_NO_COMMON_BLOCKS = YES;
				GCC_OPTIMIZATION_LEVEL = 0;
				GCC_PREPROCESSOR_DEFINITIONS = (
					"DEBUG=1",
					"$(inherited)",
				);
				GCC_WARN_64_TO_32_BIT_CONVERSION = YES;
				GCC_WARN_ABOUT_RETURN_TYPE = YES_ERROR;
				GCC_WARN_UNDECLARED_SELECTOR = YES;
				GCC_WARN_UNINITIALIZED_AUTOS = YES_AGGRESSIVE;
				GCC_WARN_UNUSED_FUNCTION = YES;
				GCC_WARN_UNUSED_VARIABLE = YES;
				IPHONEOS_DEPLOYMENT_TARGET = 15.2;
				MTL_ENABLE_DEBUG_INFO = INCLUDE_SOURCE;
				MTL_FAST_MATH = YES;
				ONLY_ACTIVE_ARCH = YES;
				SDKROOT = iphoneos;
				SWIFT_ACTIVE_COMPILATION_CONDITIONS = DEBUG;
				SWIFT_OPTIMIZATION_LEVEL = "-Onone";
			};
			name = Debug;
		};
		BAE01A6D27EDD3B7001496E3 /* Release */ = {
			isa = XCBuildConfiguration;
			buildSettings = {
				ALWAYS_SEARCH_USER_PATHS = NO;
				CLANG_ANALYZER_NONNULL = YES;
				CLANG_ANALYZER_NUMBER_OBJECT_CONVERSION = YES_AGGRESSIVE;
				CLANG_CXX_LANGUAGE_STANDARD = "gnu++17";
				CLANG_CXX_LIBRARY = "libc++";
				CLANG_ENABLE_MODULES = YES;
				CLANG_ENABLE_OBJC_ARC = YES;
				CLANG_ENABLE_OBJC_WEAK = YES;
				CLANG_WARN_BLOCK_CAPTURE_AUTORELEASING = YES;
				CLANG_WARN_BOOL_CONVERSION = YES;
				CLANG_WARN_COMMA = YES;
				CLANG_WARN_CONSTANT_CONVERSION = YES;
				CLANG_WARN_DEPRECATED_OBJC_IMPLEMENTATIONS = YES;
				CLANG_WARN_DIRECT_OBJC_ISA_USAGE = YES_ERROR;
				CLANG_WARN_DOCUMENTATION_COMMENTS = YES;
				CLANG_WARN_EMPTY_BODY = YES;
				CLANG_WARN_ENUM_CONVERSION = YES;
				CLANG_WARN_INFINITE_RECURSION = YES;
				CLANG_WARN_INT_CONVERSION = YES;
				CLANG_WARN_NON_LITERAL_NULL_CONVERSION = YES;
				CLANG_WARN_OBJC_IMPLICIT_RETAIN_SELF = YES;
				CLANG_WARN_OBJC_LITERAL_CONVERSION = YES;
				CLANG_WARN_OBJC_ROOT_CLASS = YES_ERROR;
				CLANG_WARN_QUOTED_INCLUDE_IN_FRAMEWORK_HEADER = YES;
				CLANG_WARN_RANGE_LOOP_ANALYSIS = YES;
				CLANG_WARN_STRICT_PROTOTYPES = YES;
				CLANG_WARN_SUSPICIOUS_MOVE = YES;
				CLANG_WARN_UNGUARDED_AVAILABILITY = YES_AGGRESSIVE;
				CLANG_WARN_UNREACHABLE_CODE = YES;
				CLANG_WARN__DUPLICATE_METHOD_MATCH = YES;
				COPY_PHASE_STRIP = NO;
				DEBUG_INFORMATION_FORMAT = "dwarf-with-dsym";
				ENABLE_NS_ASSERTIONS = NO;
				ENABLE_STRICT_OBJC_MSGSEND = YES;
				GCC_C_LANGUAGE_STANDARD = gnu11;
				GCC_NO_COMMON_BLOCKS = YES;
				GCC_WARN_64_TO_32_BIT_CONVERSION = YES;
				GCC_WARN_ABOUT_RETURN_TYPE = YES_ERROR;
				GCC_WARN_UNDECLARED_SELECTOR = YES;
				GCC_WARN_UNINITIALIZED_AUTOS = YES_AGGRESSIVE;
				GCC_WARN_UNUSED_FUNCTION = YES;
				GCC_WARN_UNUSED_VARIABLE = YES;
				IPHONEOS_DEPLOYMENT_TARGET = 15.2;
				MTL_ENABLE_DEBUG_INFO = NO;
				MTL_FAST_MATH = YES;
				SDKROOT = iphoneos;
				SWIFT_COMPILATION_MODE = wholemodule;
				SWIFT_OPTIMIZATION_LEVEL = "-O";
				VALIDATE_PRODUCT = YES;
			};
			name = Release;
		};
		BAE01A6F27EDD3B7001496E3 /* Debug */ = {
			isa = XCBuildConfiguration;
			baseConfigurationReference = 4764384EFAF4A5C85A9BB089 /* Pods-mobileUpTest.debug.xcconfig */;
			buildSettings = {
				ASSETCATALOG_COMPILER_APPICON_NAME = AppIcon;
				ASSETCATALOG_COMPILER_GLOBAL_ACCENT_COLOR_NAME = AccentColor;
				CODE_SIGN_STYLE = Automatic;
				CURRENT_PROJECT_VERSION = 1;
				DEVELOPMENT_TEAM = J7MCG624CD;
				GENERATE_INFOPLIST_FILE = YES;
				INFOPLIST_FILE = mobileUpTest/Info.plist;
				INFOPLIST_KEY_UIApplicationSupportsIndirectInputEvents = YES;
				INFOPLIST_KEY_UILaunchStoryboardName = LaunchScreen;
				INFOPLIST_KEY_UISupportedInterfaceOrientations = UIInterfaceOrientationPortrait;
				INFOPLIST_KEY_UISupportedInterfaceOrientations_iPad = "UIInterfaceOrientationPortrait UIInterfaceOrientationPortraitUpsideDown UIInterfaceOrientationLandscapeLeft UIInterfaceOrientationLandscapeRight";
				INFOPLIST_KEY_UISupportedInterfaceOrientations_iPhone = "UIInterfaceOrientationPortrait UIInterfaceOrientationLandscapeLeft UIInterfaceOrientationLandscapeRight";
				IPHONEOS_DEPLOYMENT_TARGET = 13.0;
				LD_RUNPATH_SEARCH_PATHS = (
					"$(inherited)",
					"@executable_path/Frameworks",
				);
				MARKETING_VERSION = 1.0;
				PRODUCT_BUNDLE_IDENTIFIER = vitalii.mobileUpTest;
				PRODUCT_NAME = "$(TARGET_NAME)";
				SWIFT_EMIT_LOC_STRINGS = YES;
				SWIFT_VERSION = 5.0;
				TARGETED_DEVICE_FAMILY = 1;
			};
			name = Debug;
		};
		BAE01A7027EDD3B7001496E3 /* Release */ = {
			isa = XCBuildConfiguration;
			baseConfigurationReference = E2A61886D0D5FA69CF674528 /* Pods-mobileUpTest.release.xcconfig */;
			buildSettings = {
				ASSETCATALOG_COMPILER_APPICON_NAME = AppIcon;
				ASSETCATALOG_COMPILER_GLOBAL_ACCENT_COLOR_NAME = AccentColor;
				CODE_SIGN_STYLE = Automatic;
				CURRENT_PROJECT_VERSION = 1;
				DEVELOPMENT_TEAM = J7MCG624CD;
				GENERATE_INFOPLIST_FILE = YES;
				INFOPLIST_FILE = mobileUpTest/Info.plist;
				INFOPLIST_KEY_UIApplicationSupportsIndirectInputEvents = YES;
				INFOPLIST_KEY_UILaunchStoryboardName = LaunchScreen;
				INFOPLIST_KEY_UISupportedInterfaceOrientations = UIInterfaceOrientationPortrait;
				INFOPLIST_KEY_UISupportedInterfaceOrientations_iPad = "UIInterfaceOrientationPortrait UIInterfaceOrientationPortraitUpsideDown UIInterfaceOrientationLandscapeLeft UIInterfaceOrientationLandscapeRight";
				INFOPLIST_KEY_UISupportedInterfaceOrientations_iPhone = "UIInterfaceOrientationPortrait UIInterfaceOrientationLandscapeLeft UIInterfaceOrientationLandscapeRight";
				IPHONEOS_DEPLOYMENT_TARGET = 13.0;
				LD_RUNPATH_SEARCH_PATHS = (
					"$(inherited)",
					"@executable_path/Frameworks",
				);
				MARKETING_VERSION = 1.0;
				PRODUCT_BUNDLE_IDENTIFIER = vitalii.mobileUpTest;
				PRODUCT_NAME = "$(TARGET_NAME)";
				SWIFT_EMIT_LOC_STRINGS = YES;
				SWIFT_VERSION = 5.0;
				TARGETED_DEVICE_FAMILY = 1;
			};
			name = Release;
		};
/* End XCBuildConfiguration section */

/* Begin XCConfigurationList section */
		BAE01A5527EDD3B6001496E3 /* Build configuration list for PBXProject "mobileUpTest" */ = {
			isa = XCConfigurationList;
			buildConfigurations = (
				BAE01A6C27EDD3B7001496E3 /* Debug */,
				BAE01A6D27EDD3B7001496E3 /* Release */,
			);
			defaultConfigurationIsVisible = 0;
			defaultConfigurationName = Release;
		};
		BAE01A6E27EDD3B7001496E3 /* Build configuration list for PBXNativeTarget "mobileUpTest" */ = {
			isa = XCConfigurationList;
			buildConfigurations = (
				BAE01A6F27EDD3B7001496E3 /* Debug */,
				BAE01A7027EDD3B7001496E3 /* Release */,
			);
			defaultConfigurationIsVisible = 0;
			defaultConfigurationName = Release;
		};
/* End XCConfigurationList section */
	};
	rootObject = BAE01A5227EDD3B6001496E3 /* Project object */;
}
